
Microsoft Visual Studio Solution File, Format Version 12.00
# Visual Studio Version 16
VisualStudioVersion = 16.0.29806.167
MinimumVisualStudioVersion = 10.0.40219.1
Project("{2150E333-8FDC-42A3-9474-1A3956D46DE8}") = "Solution Items", "Solution Items", "{E019DF8C-F362-4EFD-BEE9-2B077F9A643D}"
ProjectSection(SolutionItems) = preProject
	SulotionItems\01_PostgreSQL-Main.sql = SulotionItems\01_PostgreSQL-Main.sql
	SulotionItems\02_PostgreSQL-Clustering.sql = SulotionItems\02_PostgreSQL-Clustering.sql
	SulotionItems\03_PostgreSQL-Persistence.sql = SulotionItems\03_PostgreSQL-Persistence.sql
	SulotionItems\04_PostgreSQL-Reminders.sql = SulotionItems\04_PostgreSQL-Reminders.sql
	SulotionItems\05_account_ddl.sql = SulotionItems\05_account_ddl.sql
	README.md = README.md
EndProjectSection
EndProject
Project("{FAE04EC0-301F-11D3-BF4B-00C04F79EFBC}") = "HelloOrleans.DomainModels", "src\HelloOrleans.DomainModels\HelloOrleans.DomainModels.csproj", "{E60CB6C1-4B7F-48F2-902B-BD9C2FECA30D}"
EndProject
Project("{FAE04EC0-301F-11D3-BF4B-00C04F79EFBC}") = "HelloOrleans.Interfaces", "src\HelloOrleans.Interfaces\HelloOrleans.Interfaces.csproj", "{22B2AB87-00EA-4CD0-82AC-3A62A5B5C68E}"
EndProject
Project("{FAE04EC0-301F-11D3-BF4B-00C04F79EFBC}") = "HelloOrleans.Grains", "src\HelloOrleans.Grains\HelloOrleans.Grains.csproj", "{49EB3D36-153D-437E-BADB-198A9E9F87A2}"
EndProject
Project("{FAE04EC0-301F-11D3-BF4B-00C04F79EFBC}") = "HelloOrleans.SiloHost", "src\HelloOrleans.SiloHost\HelloOrleans.SiloHost.csproj", "{0E3FF7FF-5C84-4B72-B349-39024108DCC3}"
EndProject
Project("{FAE04EC0-301F-11D3-BF4B-00C04F79EFBC}") = "HelloOrleans.BlazorClient", "src\HelloOrleans.BlazorClient\HelloOrleans.BlazorClient.csproj", "{96529A54-0F11-45F6-A692-844C49921E32}"
EndProject
Global
	GlobalSection(SolutionConfigurationPlatforms) = preSolution
		Debug|Any CPU = Debug|Any CPU
		Release|Any CPU = Release|Any CPU
	EndGlobalSection
	GlobalSection(ProjectConfigurationPlatforms) = postSolution
		{E60CB6C1-4B7F-48F2-902B-BD9C2FECA30D}.Debug|Any CPU.ActiveCfg = Debug|Any CPU
		{E60CB6C1-4B7F-48F2-902B-BD9C2FECA30D}.Debug|Any CPU.Build.0 = Debug|Any CPU
		{E60CB6C1-4B7F-48F2-902B-BD9C2FECA30D}.Release|Any CPU.ActiveCfg = Release|Any CPU
		{E60CB6C1-4B7F-48F2-902B-BD9C2FECA30D}.Release|Any CPU.Build.0 = Release|Any CPU
		{22B2AB87-00EA-4CD0-82AC-3A62A5B5C68E}.Debug|Any CPU.ActiveCfg = Debug|Any CPU
		{22B2AB87-00EA-4CD0-82AC-3A62A5B5C68E}.Debug|Any CPU.Build.0 = Debug|Any CPU
		{22B2AB87-00EA-4CD0-82AC-3A62A5B5C68E}.Release|Any CPU.ActiveCfg = Release|Any CPU
		{22B2AB87-00EA-4CD0-82AC-3A62A5B5C68E}.Release|Any CPU.Build.0 = Release|Any CPU
		{49EB3D36-153D-437E-BADB-198A9E9F87A2}.Debug|Any CPU.ActiveCfg = Debug|Any CPU
		{49EB3D36-153D-437E-BADB-198A9E9F87A2}.Debug|Any CPU.Build.0 = Debug|Any CPU
		{49EB3D36-153D-437E-BADB-198A9E9F87A2}.Release|Any CPU.ActiveCfg = Release|Any CPU
		{49EB3D36-153D-437E-BADB-198A9E9F87A2}.Release|Any CPU.Build.0 = Release|Any CPU
		{0E3FF7FF-5C84-4B72-B349-39024108DCC3}.Debug|Any CPU.ActiveCfg = Debug|Any CPU
		{0E3FF7FF-5C84-4B72-B349-39024108DCC3}.Debug|Any CPU.Build.0 = Debug|Any CPU
		{0E3FF7FF-5C84-4B72-B349-39024108DCC3}.Release|Any CPU.ActiveCfg = Release|Any CPU
		{0E3FF7FF-5C84-4B72-B349-39024108DCC3}.Release|Any CPU.Build.0 = Release|Any CPU
		{96529A54-0F11-45F6-A692-844C49921E32}.Debug|Any CPU.ActiveCfg = Debug|Any CPU
		{96529A54-0F11-45F6-A692-844C49921E32}.Debug|Any CPU.Build.0 = Debug|Any CPU
		{96529A54-0F11-45F6-A692-844C49921E32}.Release|Any CPU.ActiveCfg = Release|Any CPU
		{96529A54-0F11-45F6-A692-844C49921E32}.Release|Any CPU.Build.0 = Release|Any CPU
	EndGlobalSection
	GlobalSection(SolutionProperties) = preSolution
		HideSolutionNode = FALSE
	EndGlobalSection
	GlobalSection(ExtensibilityGlobals) = postSolution
		SolutionGuid = {C9A75B81-0988-4A91-BC4A-E4F77EA05387}
	EndGlobalSection
EndGlobal
