
Microsoft Visual Studio Solution File, Format Version 12.00
# Visual Studio Version 16
VisualStudioVersion = 16.0.29806.167
MinimumVisualStudioVersion = 10.0.40219.1
Project("{9A19103F-16F7-4668-BE54-9A1E7A4F7556}") = "HelloOrleans.Interfaces", "HelloOrleans.Interfaces\HelloOrleans.Interfaces.csproj", "{83AB4CF6-EBD6-4674-9747-0D02F8659546}"
EndProject
Project("{9A19103F-16F7-4668-BE54-9A1E7A4F7556}") = "HelloOrleans.Grains", "HelloOrleans.Grains\HelloOrleans.Grains.csproj", "{9D2D3E48-51A4-4C7D-AF83-4E1A2C89F284}"
EndProject
Project("{9A19103F-16F7-4668-BE54-9A1E7A4F7556}") = "HelloOrleans.SiloHost", "HelloOrleans.SiloHost\HelloOrleans.SiloHost.csproj", "{812EE929-8FAE-4E05-811F-D5DAC59F84ED}"
EndProject
Project("{9A19103F-16F7-4668-BE54-9A1E7A4F7556}") = "HelloOrleans.BlazorClient", "HelloOrleans.BlazorClient\HelloOrleans.BlazorClient.csproj", "{3D84C0FA-BF00-4076-A75F-572FF5858602}"
EndProject
Project("{9A19103F-16F7-4668-BE54-9A1E7A4F7556}") = "HelloOrleans.DomainModels", "HelloOrleans.DomainModels\HelloOrleans.DomainModels.csproj", "{E24614EB-659A-4A39-8577-AB26132A0776}"
EndProject
Project("{2150E333-8FDC-42A3-9474-1A3956D46DE8}") = "Solution Items", "Solution Items", "{E019DF8C-F362-4EFD-BEE9-2B077F9A643D}"
ProjectSection(SolutionItems) = preProject
	SulotionItems\01_PostgreSQL-Main.sql = SulotionItems\01_PostgreSQL-Main.sql
	SulotionItems\02_PostgreSQL-Clustering.sql = SulotionItems\02_PostgreSQL-Clustering.sql
	SulotionItems\03_PostgreSQL-Persistence.sql = SulotionItems\03_PostgreSQL-Persistence.sql
	SulotionItems\04_PostgreSQL-Reminders.sql = SulotionItems\04_PostgreSQL-Reminders.sql
	SulotionItems\05_account_ddl.sql = SulotionItems\05_account_ddl.sql
EndProjectSection
EndProject
Global
	GlobalSection(SolutionConfigurationPlatforms) = preSolution
		Debug|Any CPU = Debug|Any CPU
		Release|Any CPU = Release|Any CPU
	EndGlobalSection
	GlobalSection(ProjectConfigurationPlatforms) = postSolution
		{83AB4CF6-EBD6-4674-9747-0D02F8659546}.Debug|Any CPU.ActiveCfg = Debug|Any CPU
		{83AB4CF6-EBD6-4674-9747-0D02F8659546}.Debug|Any CPU.Build.0 = Debug|Any CPU
		{83AB4CF6-EBD6-4674-9747-0D02F8659546}.Release|Any CPU.ActiveCfg = Release|Any CPU
		{83AB4CF6-EBD6-4674-9747-0D02F8659546}.Release|Any CPU.Build.0 = Release|Any CPU
		{9D2D3E48-51A4-4C7D-AF83-4E1A2C89F284}.Debug|Any CPU.ActiveCfg = Debug|Any CPU
		{9D2D3E48-51A4-4C7D-AF83-4E1A2C89F284}.Debug|Any CPU.Build.0 = Debug|Any CPU
		{9D2D3E48-51A4-4C7D-AF83-4E1A2C89F284}.Release|Any CPU.ActiveCfg = Release|Any CPU
		{9D2D3E48-51A4-4C7D-AF83-4E1A2C89F284}.Release|Any CPU.Build.0 = Release|Any CPU
		{812EE929-8FAE-4E05-811F-D5DAC59F84ED}.Debug|Any CPU.ActiveCfg = Debug|Any CPU
		{812EE929-8FAE-4E05-811F-D5DAC59F84ED}.Debug|Any CPU.Build.0 = Debug|Any CPU
		{812EE929-8FAE-4E05-811F-D5DAC59F84ED}.Release|Any CPU.ActiveCfg = Release|Any CPU
		{812EE929-8FAE-4E05-811F-D5DAC59F84ED}.Release|Any CPU.Build.0 = Release|Any CPU
		{3D84C0FA-BF00-4076-A75F-572FF5858602}.Debug|Any CPU.ActiveCfg = Debug|Any CPU
		{3D84C0FA-BF00-4076-A75F-572FF5858602}.Debug|Any CPU.Build.0 = Debug|Any CPU
		{3D84C0FA-BF00-4076-A75F-572FF5858602}.Release|Any CPU.ActiveCfg = Release|Any CPU
		{3D84C0FA-BF00-4076-A75F-572FF5858602}.Release|Any CPU.Build.0 = Release|Any CPU
		{E24614EB-659A-4A39-8577-AB26132A0776}.Debug|Any CPU.ActiveCfg = Debug|Any CPU
		{E24614EB-659A-4A39-8577-AB26132A0776}.Debug|Any CPU.Build.0 = Debug|Any CPU
		{E24614EB-659A-4A39-8577-AB26132A0776}.Release|Any CPU.ActiveCfg = Release|Any CPU
		{E24614EB-659A-4A39-8577-AB26132A0776}.Release|Any CPU.Build.0 = Release|Any CPU
	EndGlobalSection
	GlobalSection(SolutionProperties) = preSolution
		HideSolutionNode = FALSE
	EndGlobalSection
	GlobalSection(ExtensibilityGlobals) = postSolution
		SolutionGuid = {C9A75B81-0988-4A91-BC4A-E4F77EA05387}
	EndGlobalSection
EndGlobal
